
Microsoft Visual Studio Solution File, Format Version 12.00
# Visual Studio Version 17
VisualStudioVersion = 17.4.33403.182
MinimumVisualStudioVersion = 10.0.40219.1
Project("{FAE04EC0-301F-11D3-BF4B-00C04F79EFBC}") = "Console_Tests", "Console_Tests.csproj", "{14C34023-1AE2-434B-BA17-81EFBEB65C0C}"
EndProject
Global
	GlobalSection(SolutionConfigurationPlatforms) = preSolution
		Debug|Any CPU = Debug|Any CPU
		Release|Any CPU = Release|Any CPU
	EndGlobalSection
	GlobalSection(ProjectConfigurationPlatforms) = postSolution
		{14C34023-1AE2-434B-BA17-81EFBEB65C0C}.Debug|Any CPU.ActiveCfg = Debug|Any CPU
		{14C34023-1AE2-434B-BA17-81EFBEB65C0C}.Debug|Any CPU.Build.0 = Debug|Any CPU
		{14C34023-1AE2-434B-BA17-81EFBEB65C0C}.Release|Any CPU.ActiveCfg = Release|Any CPU
		{14C34023-1AE2-434B-BA17-81EFBEB65C0C}.Release|Any CPU.Build.0 = Release|Any CPU
	EndGlobalSection
	GlobalSection(SolutionProperties) = preSolution
		HideSolutionNode = FALSE
	EndGlobalSection
	GlobalSection(ExtensibilityGlobals) = postSolution
		SolutionGuid = {E4DBA176-058B-46B6-A50D-A87385641112}
	EndGlobalSection
EndGlobal
